// !$*UTF8*$!
{
	archiveVersion = 1;
	classes = {
	};
	objectVersion = 56;
	objects = {

/* Begin PBXBuildFile section */
		4ACCD50A2ADBC755006982FD /* Sidebar.swift in Sources */ = {isa = PBXBuildFile; fileRef = 4ACCD5092ADBC755006982FD /* Sidebar.swift */; };
		4AE388DA2ACE8E4500F502EE /* book_readerApp.swift in Sources */ = {isa = PBXBuildFile; fileRef = 4AE388D92ACE8E4500F502EE /* book_readerApp.swift */; };
		4AE388DC2ACE8E4500F502EE /* ContentView.swift in Sources */ = {isa = PBXBuildFile; fileRef = 4AE388DB2ACE8E4500F502EE /* ContentView.swift */; };
		4AE388DE2ACE8E4600F502EE /* Assets.xcassets in Resources */ = {isa = PBXBuildFile; fileRef = 4AE388DD2ACE8E4600F502EE /* Assets.xcassets */; };
		4AE388E12ACE8E4600F502EE /* Preview Assets.xcassets in Resources */ = {isa = PBXBuildFile; fileRef = 4AE388E02ACE8E4600F502EE /* Preview Assets.xcassets */; };
		4AE388EC2ACE8E4600F502EE /* book_readerTests.swift in Sources */ = {isa = PBXBuildFile; fileRef = 4AE388EB2ACE8E4600F502EE /* book_readerTests.swift */; };
		4AE388F62ACE8E4700F502EE /* book_readerUITests.swift in Sources */ = {isa = PBXBuildFile; fileRef = 4AE388F52ACE8E4700F502EE /* book_readerUITests.swift */; };
		4AE388F82ACE8E4700F502EE /* book_readerUITestsLaunchTests.swift in Sources */ = {isa = PBXBuildFile; fileRef = 4AE388F72ACE8E4700F502EE /* book_readerUITestsLaunchTests.swift */; };
		4AE3890A2ACFA8F700F502EE /* libsqlite3.tbd in Frameworks */ = {isa = PBXBuildFile; fileRef = 4AE389092ACFA8F700F502EE /* libsqlite3.tbd */; };
		4AE3890C2ACFA96500F502EE /* calibre.swift in Sources */ = {isa = PBXBuildFile; fileRef = 4AE3890B2ACFA96500F502EE /* calibre.swift */; };
		4AE3890E2AD096FF00F502EE /* library.swift in Sources */ = {isa = PBXBuildFile; fileRef = 4AE3890D2AD096FF00F502EE /* library.swift */; };
/* End PBXBuildFile section */

/* Begin PBXContainerItemProxy section */
		4AE388E82ACE8E4600F502EE /* PBXContainerItemProxy */ = {
			isa = PBXContainerItemProxy;
			containerPortal = 4AE388CE2ACE8E4500F502EE /* Project object */;
			proxyType = 1;
			remoteGlobalIDString = 4AE388D52ACE8E4500F502EE;
			remoteInfo = "book-reader";
		};
		4AE388F22ACE8E4700F502EE /* PBXContainerItemProxy */ = {
			isa = PBXContainerItemProxy;
			containerPortal = 4AE388CE2ACE8E4500F502EE /* Project object */;
			proxyType = 1;
			remoteGlobalIDString = 4AE388D52ACE8E4500F502EE;
			remoteInfo = "book-reader";
		};
/* End PBXContainerItemProxy section */

/* Begin PBXFileReference section */
		4ACCD5092ADBC755006982FD /* Sidebar.swift */ = {isa = PBXFileReference; lastKnownFileType = sourcecode.swift; path = Sidebar.swift; sourceTree = "<group>"; };
		4AE388D62ACE8E4500F502EE /* book-reader.app */ = {isa = PBXFileReference; explicitFileType = wrapper.application; includeInIndex = 0; path = "book-reader.app"; sourceTree = BUILT_PRODUCTS_DIR; };
		4AE388D92ACE8E4500F502EE /* book_readerApp.swift */ = {isa = PBXFileReference; lastKnownFileType = sourcecode.swift; path = book_readerApp.swift; sourceTree = "<group>"; };
		4AE388DB2ACE8E4500F502EE /* ContentView.swift */ = {isa = PBXFileReference; lastKnownFileType = sourcecode.swift; path = ContentView.swift; sourceTree = "<group>"; };
		4AE388DD2ACE8E4600F502EE /* Assets.xcassets */ = {isa = PBXFileReference; lastKnownFileType = folder.assetcatalog; path = Assets.xcassets; sourceTree = "<group>"; };
		4AE388E02ACE8E4600F502EE /* Preview Assets.xcassets */ = {isa = PBXFileReference; lastKnownFileType = folder.assetcatalog; path = "Preview Assets.xcassets"; sourceTree = "<group>"; };
		4AE388E22ACE8E4600F502EE /* book_reader.entitlements */ = {isa = PBXFileReference; lastKnownFileType = text.plist.entitlements; path = book_reader.entitlements; sourceTree = "<group>"; };
		4AE388E72ACE8E4600F502EE /* book-readerTests.xctest */ = {isa = PBXFileReference; explicitFileType = wrapper.cfbundle; includeInIndex = 0; path = "book-readerTests.xctest"; sourceTree = BUILT_PRODUCTS_DIR; };
		4AE388EB2ACE8E4600F502EE /* book_readerTests.swift */ = {isa = PBXFileReference; lastKnownFileType = sourcecode.swift; path = book_readerTests.swift; sourceTree = "<group>"; };
		4AE388F12ACE8E4700F502EE /* book-readerUITests.xctest */ = {isa = PBXFileReference; explicitFileType = wrapper.cfbundle; includeInIndex = 0; path = "book-readerUITests.xctest"; sourceTree = BUILT_PRODUCTS_DIR; };
		4AE388F52ACE8E4700F502EE /* book_readerUITests.swift */ = {isa = PBXFileReference; lastKnownFileType = sourcecode.swift; path = book_readerUITests.swift; sourceTree = "<group>"; };
		4AE388F72ACE8E4700F502EE /* book_readerUITestsLaunchTests.swift */ = {isa = PBXFileReference; lastKnownFileType = sourcecode.swift; path = book_readerUITestsLaunchTests.swift; sourceTree = "<group>"; };
		4AE389092ACFA8F700F502EE /* libsqlite3.tbd */ = {isa = PBXFileReference; lastKnownFileType = "sourcecode.text-based-dylib-definition"; name = libsqlite3.tbd; path = usr/lib/libsqlite3.tbd; sourceTree = SDKROOT; };
		4AE3890B2ACFA96500F502EE /* calibre.swift */ = {isa = PBXFileReference; fileEncoding = 4; lastKnownFileType = sourcecode.swift; path = calibre.swift; sourceTree = "<group>"; };
		4AE3890D2AD096FF00F502EE /* library.swift */ = {isa = PBXFileReference; fileEncoding = 4; lastKnownFileType = sourcecode.swift; path = library.swift; sourceTree = "<group>"; };
/* End PBXFileReference section */

/* Begin PBXFrameworksBuildPhase section */
		4AE388D32ACE8E4500F502EE /* Frameworks */ = {
			isa = PBXFrameworksBuildPhase;
			buildActionMask = 2147483647;
			files = (
				4AE3890A2ACFA8F700F502EE /* libsqlite3.tbd in Frameworks */,
			);
			runOnlyForDeploymentPostprocessing = 0;
		};
		4AE388E42ACE8E4600F502EE /* Frameworks */ = {
			isa = PBXFrameworksBuildPhase;
			buildActionMask = 2147483647;
			files = (
			);
			runOnlyForDeploymentPostprocessing = 0;
		};
		4AE388EE2ACE8E4700F502EE /* Frameworks */ = {
			isa = PBXFrameworksBuildPhase;
			buildActionMask = 2147483647;
			files = (
			);
			runOnlyForDeploymentPostprocessing = 0;
		};
/* End PBXFrameworksBuildPhase section */

/* Begin PBXGroup section */
		4AE388CD2ACE8E4500F502EE = {
			isa = PBXGroup;
			children = (
				4AE388D82ACE8E4500F502EE /* book-reader */,
				4AE388EA2ACE8E4600F502EE /* book-readerTests */,
				4AE388F42ACE8E4700F502EE /* book-readerUITests */,
				4AE388D72ACE8E4500F502EE /* Products */,
				4AE389082ACFA8F700F502EE /* Frameworks */,
			);
			sourceTree = "<group>";
		};
		4AE388D72ACE8E4500F502EE /* Products */ = {
			isa = PBXGroup;
			children = (
				4AE388D62ACE8E4500F502EE /* book-reader.app */,
				4AE388E72ACE8E4600F502EE /* book-readerTests.xctest */,
				4AE388F12ACE8E4700F502EE /* book-readerUITests.xctest */,
			);
			name = Products;
			sourceTree = "<group>";
		};
		4AE388D82ACE8E4500F502EE /* book-reader */ = {
			isa = PBXGroup;
			children = (
				4AE3890D2AD096FF00F502EE /* library.swift */,
				4AE3890B2ACFA96500F502EE /* calibre.swift */,
				4AE388D92ACE8E4500F502EE /* book_readerApp.swift */,
				4AE388DB2ACE8E4500F502EE /* ContentView.swift */,
				4AE388DD2ACE8E4600F502EE /* Assets.xcassets */,
				4AE388E22ACE8E4600F502EE /* book_reader.entitlements */,
				4AE388DF2ACE8E4600F502EE /* Preview Content */,
				4ACCD5092ADBC755006982FD /* Sidebar.swift */,
			);
			path = "book-reader";
			sourceTree = "<group>";
		};
		4AE388DF2ACE8E4600F502EE /* Preview Content */ = {
			isa = PBXGroup;
			children = (
				4AE388E02ACE8E4600F502EE /* Preview Assets.xcassets */,
			);
			path = "Preview Content";
			sourceTree = "<group>";
		};
		4AE388EA2ACE8E4600F502EE /* book-readerTests */ = {
			isa = PBXGroup;
			children = (
				4AE388EB2ACE8E4600F502EE /* book_readerTests.swift */,
			);
			path = "book-readerTests";
			sourceTree = "<group>";
		};
		4AE388F42ACE8E4700F502EE /* book-readerUITests */ = {
			isa = PBXGroup;
			children = (
				4AE388F52ACE8E4700F502EE /* book_readerUITests.swift */,
				4AE388F72ACE8E4700F502EE /* book_readerUITestsLaunchTests.swift */,
			);
			path = "book-readerUITests";
			sourceTree = "<group>";
		};
		4AE389082ACFA8F700F502EE /* Frameworks */ = {
			isa = PBXGroup;
			children = (
				4AE389092ACFA8F700F502EE /* libsqlite3.tbd */,
			);
			name = Frameworks;
			sourceTree = "<group>";
		};
/* End PBXGroup section */

/* Begin PBXNativeTarget section */
		4AE388D52ACE8E4500F502EE /* book-reader */ = {
			isa = PBXNativeTarget;
			buildConfigurationList = 4AE388FB2ACE8E4700F502EE /* Build configuration list for PBXNativeTarget "book-reader" */;
			buildPhases = (
				4AE388D22ACE8E4500F502EE /* Sources */,
				4AE388D32ACE8E4500F502EE /* Frameworks */,
				4AE388D42ACE8E4500F502EE /* Resources */,
			);
			buildRules = (
			);
			dependencies = (
			);
			name = "book-reader";
			productName = "book-reader";
			productReference = 4AE388D62ACE8E4500F502EE /* book-reader.app */;
			productType = "com.apple.product-type.application";
		};
		4AE388E62ACE8E4600F502EE /* book-readerTests */ = {
			isa = PBXNativeTarget;
			buildConfigurationList = 4AE388FE2ACE8E4700F502EE /* Build configuration list for PBXNativeTarget "book-readerTests" */;
			buildPhases = (
				4AE388E32ACE8E4600F502EE /* Sources */,
				4AE388E42ACE8E4600F502EE /* Frameworks */,
				4AE388E52ACE8E4600F502EE /* Resources */,
			);
			buildRules = (
			);
			dependencies = (
				4AE388E92ACE8E4600F502EE /* PBXTargetDependency */,
			);
			name = "book-readerTests";
			productName = "book-readerTests";
			productReference = 4AE388E72ACE8E4600F502EE /* book-readerTests.xctest */;
			productType = "com.apple.product-type.bundle.unit-test";
		};
		4AE388F02ACE8E4700F502EE /* book-readerUITests */ = {
			isa = PBXNativeTarget;
			buildConfigurationList = 4AE389012ACE8E4700F502EE /* Build configuration list for PBXNativeTarget "book-readerUITests" */;
			buildPhases = (
				4AE388ED2ACE8E4700F502EE /* Sources */,
				4AE388EE2ACE8E4700F502EE /* Frameworks */,
				4AE388EF2ACE8E4700F502EE /* Resources */,
			);
			buildRules = (
			);
			dependencies = (
				4AE388F32ACE8E4700F502EE /* PBXTargetDependency */,
			);
			name = "book-readerUITests";
			productName = "book-readerUITests";
			productReference = 4AE388F12ACE8E4700F502EE /* book-readerUITests.xctest */;
			productType = "com.apple.product-type.bundle.ui-testing";
		};
/* End PBXNativeTarget section */

/* Begin PBXProject section */
		4AE388CE2ACE8E4500F502EE /* Project object */ = {
			isa = PBXProject;
			attributes = {
				BuildIndependentTargetsInParallel = 1;
				LastSwiftUpdateCheck = 1500;
				LastUpgradeCheck = 1500;
				TargetAttributes = {
					4AE388D52ACE8E4500F502EE = {
						CreatedOnToolsVersion = 15.0;
					};
					4AE388E62ACE8E4600F502EE = {
						CreatedOnToolsVersion = 15.0;
						TestTargetID = 4AE388D52ACE8E4500F502EE;
					};
					4AE388F02ACE8E4700F502EE = {
						CreatedOnToolsVersion = 15.0;
						TestTargetID = 4AE388D52ACE8E4500F502EE;
					};
				};
			};
			buildConfigurationList = 4AE388D12ACE8E4500F502EE /* Build configuration list for PBXProject "book-reader" */;
			compatibilityVersion = "Xcode 14.0";
			developmentRegion = en;
			hasScannedForEncodings = 0;
			knownRegions = (
				en,
				Base,
			);
			mainGroup = 4AE388CD2ACE8E4500F502EE;
			productRefGroup = 4AE388D72ACE8E4500F502EE /* Products */;
			projectDirPath = "";
			projectRoot = "";
			targets = (
				4AE388D52ACE8E4500F502EE /* book-reader */,
				4AE388E62ACE8E4600F502EE /* book-readerTests */,
				4AE388F02ACE8E4700F502EE /* book-readerUITests */,
			);
		};
/* End PBXProject section */

/* Begin PBXResourcesBuildPhase section */
		4AE388D42ACE8E4500F502EE /* Resources */ = {
			isa = PBXResourcesBuildPhase;
			buildActionMask = 2147483647;
			files = (
				4AE388E12ACE8E4600F502EE /* Preview Assets.xcassets in Resources */,
				4AE388DE2ACE8E4600F502EE /* Assets.xcassets in Resources */,
			);
			runOnlyForDeploymentPostprocessing = 0;
		};
		4AE388E52ACE8E4600F502EE /* Resources */ = {
			isa = PBXResourcesBuildPhase;
			buildActionMask = 2147483647;
			files = (
			);
			runOnlyForDeploymentPostprocessing = 0;
		};
		4AE388EF2ACE8E4700F502EE /* Resources */ = {
			isa = PBXResourcesBuildPhase;
			buildActionMask = 2147483647;
			files = (
			);
			runOnlyForDeploymentPostprocessing = 0;
		};
/* End PBXResourcesBuildPhase section */

/* Begin PBXSourcesBuildPhase section */
		4AE388D22ACE8E4500F502EE /* Sources */ = {
			isa = PBXSourcesBuildPhase;
			buildActionMask = 2147483647;
			files = (
				4ACCD50A2ADBC755006982FD /* Sidebar.swift in Sources */,
				4AE388DC2ACE8E4500F502EE /* ContentView.swift in Sources */,
				4AE3890E2AD096FF00F502EE /* library.swift in Sources */,
				4AE388DA2ACE8E4500F502EE /* book_readerApp.swift in Sources */,
				4AE3890C2ACFA96500F502EE /* calibre.swift in Sources */,
			);
			runOnlyForDeploymentPostprocessing = 0;
		};
		4AE388E32ACE8E4600F502EE /* Sources */ = {
			isa = PBXSourcesBuildPhase;
			buildActionMask = 2147483647;
			files = (
				4AE388EC2ACE8E4600F502EE /* book_readerTests.swift in Sources */,
			);
			runOnlyForDeploymentPostprocessing = 0;
		};
		4AE388ED2ACE8E4700F502EE /* Sources */ = {
			isa = PBXSourcesBuildPhase;
			buildActionMask = 2147483647;
			files = (
				4AE388F82ACE8E4700F502EE /* book_readerUITestsLaunchTests.swift in Sources */,
				4AE388F62ACE8E4700F502EE /* book_readerUITests.swift in Sources */,
			);
			runOnlyForDeploymentPostprocessing = 0;
		};
/* End PBXSourcesBuildPhase section */

/* Begin PBXTargetDependency section */
		4AE388E92ACE8E4600F502EE /* PBXTargetDependency */ = {
			isa = PBXTargetDependency;
			target = 4AE388D52ACE8E4500F502EE /* book-reader */;
			targetProxy = 4AE388E82ACE8E4600F502EE /* PBXContainerItemProxy */;
		};
		4AE388F32ACE8E4700F502EE /* PBXTargetDependency */ = {
			isa = PBXTargetDependency;
			target = 4AE388D52ACE8E4500F502EE /* book-reader */;
			targetProxy = 4AE388F22ACE8E4700F502EE /* PBXContainerItemProxy */;
		};
/* End PBXTargetDependency section */

/* Begin XCBuildConfiguration section */
		4AE388F92ACE8E4700F502EE /* Debug */ = {
			isa = XCBuildConfiguration;
			buildSettings = {
				ALWAYS_SEARCH_USER_PATHS = NO;
				ASSETCATALOG_COMPILER_GENERATE_SWIFT_ASSET_SYMBOL_EXTENSIONS = YES;
				CLANG_ANALYZER_NONNULL = YES;
				CLANG_ANALYZER_NUMBER_OBJECT_CONVERSION = YES_AGGRESSIVE;
				CLANG_CXX_LANGUAGE_STANDARD = "gnu++20";
				CLANG_ENABLE_MODULES = YES;
				CLANG_ENABLE_OBJC_ARC = YES;
				CLANG_ENABLE_OBJC_WEAK = YES;
				CLANG_WARN_BLOCK_CAPTURE_AUTORELEASING = YES;
				CLANG_WARN_BOOL_CONVERSION = YES;
				CLANG_WARN_COMMA = YES;
				CLANG_WARN_CONSTANT_CONVERSION = YES;
				CLANG_WARN_DEPRECATED_OBJC_IMPLEMENTATIONS = YES;
				CLANG_WARN_DIRECT_OBJC_ISA_USAGE = YES_ERROR;
				CLANG_WARN_DOCUMENTATION_COMMENTS = YES;
				CLANG_WARN_EMPTY_BODY = YES;
				CLANG_WARN_ENUM_CONVERSION = YES;
				CLANG_WARN_INFINITE_RECURSION = YES;
				CLANG_WARN_INT_CONVERSION = YES;
				CLANG_WARN_NON_LITERAL_NULL_CONVERSION = YES;
				CLANG_WARN_OBJC_IMPLICIT_RETAIN_SELF = YES;
				CLANG_WARN_OBJC_LITERAL_CONVERSION = YES;
				CLANG_WARN_OBJC_ROOT_CLASS = YES_ERROR;
				CLANG_WARN_QUOTED_INCLUDE_IN_FRAMEWORK_HEADER = YES;
				CLANG_WARN_RANGE_LOOP_ANALYSIS = YES;
				CLANG_WARN_STRICT_PROTOTYPES = YES;
				CLANG_WARN_SUSPICIOUS_MOVE = YES;
				CLANG_WARN_UNGUARDED_AVAILABILITY = YES_AGGRESSIVE;
				CLANG_WARN_UNREACHABLE_CODE = YES;
				CLANG_WARN__DUPLICATE_METHOD_MATCH = YES;
				COPY_PHASE_STRIP = NO;
				DEBUG_INFORMATION_FORMAT = dwarf;
				ENABLE_STRICT_OBJC_MSGSEND = YES;
				ENABLE_TESTABILITY = YES;
				ENABLE_USER_SCRIPT_SANDBOXING = YES;
				GCC_C_LANGUAGE_STANDARD = gnu17;
				GCC_DYNAMIC_NO_PIC = NO;
				GCC_NO_COMMON_BLOCKS = YES;
				GCC_OPTIMIZATION_LEVEL = 0;
				GCC_PREPROCESSOR_DEFINITIONS = (
					"DEBUG=1",
					"$(inherited)",
				);
				GCC_WARN_64_TO_32_BIT_CONVERSION = YES;
				GCC_WARN_ABOUT_RETURN_TYPE = YES_ERROR;
				GCC_WARN_UNDECLARED_SELECTOR = YES;
				GCC_WARN_UNINITIALIZED_AUTOS = YES_AGGRESSIVE;
				GCC_WARN_UNUSED_FUNCTION = YES;
				GCC_WARN_UNUSED_VARIABLE = YES;
				LOCALIZATION_PREFERS_STRING_CATALOGS = YES;
				MACOSX_DEPLOYMENT_TARGET = 14.0;
				MTL_ENABLE_DEBUG_INFO = INCLUDE_SOURCE;
				MTL_FAST_MATH = YES;
				ONLY_ACTIVE_ARCH = YES;
				SDKROOT = macosx;
				SWIFT_ACTIVE_COMPILATION_CONDITIONS = "DEBUG $(inherited)";
				SWIFT_OPTIMIZATION_LEVEL = "-Onone";
			};
			name = Debug;
		};
		4AE388FA2ACE8E4700F502EE /* Release */ = {
			isa = XCBuildConfiguration;
			buildSettings = {
				ALWAYS_SEARCH_USER_PATHS = NO;
				ASSETCATALOG_COMPILER_GENERATE_SWIFT_ASSET_SYMBOL_EXTENSIONS = YES;
				CLANG_ANALYZER_NONNULL = YES;
				CLANG_ANALYZER_NUMBER_OBJECT_CONVERSION = YES_AGGRESSIVE;
				CLANG_CXX_LANGUAGE_STANDARD = "gnu++20";
				CLANG_ENABLE_MODULES = YES;
				CLANG_ENABLE_OBJC_ARC = YES;
				CLANG_ENABLE_OBJC_WEAK = YES;
				CLANG_WARN_BLOCK_CAPTURE_AUTORELEASING = YES;
				CLANG_WARN_BOOL_CONVERSION = YES;
				CLANG_WARN_COMMA = YES;
				CLANG_WARN_CONSTANT_CONVERSION = YES;
				CLANG_WARN_DEPRECATED_OBJC_IMPLEMENTATIONS = YES;
				CLANG_WARN_DIRECT_OBJC_ISA_USAGE = YES_ERROR;
				CLANG_WARN_DOCUMENTATION_COMMENTS = YES;
				CLANG_WARN_EMPTY_BODY = YES;
				CLANG_WARN_ENUM_CONVERSION = YES;
				CLANG_WARN_INFINITE_RECURSION = YES;
				CLANG_WARN_INT_CONVERSION = YES;
				CLANG_WARN_NON_LITERAL_NULL_CONVERSION = YES;
				CLANG_WARN_OBJC_IMPLICIT_RETAIN_SELF = YES;
				CLANG_WARN_OBJC_LITERAL_CONVERSION = YES;
				CLANG_WARN_OBJC_ROOT_CLASS = YES_ERROR;
				CLANG_WARN_QUOTED_INCLUDE_IN_FRAMEWORK_HEADER = YES;
				CLANG_WARN_RANGE_LOOP_ANALYSIS = YES;
				CLANG_WARN_STRICT_PROTOTYPES = YES;
				CLANG_WARN_SUSPICIOUS_MOVE = YES;
				CLANG_WARN_UNGUARDED_AVAILABILITY = YES_AGGRESSIVE;
				CLANG_WARN_UNREACHABLE_CODE = YES;
				CLANG_WARN__DUPLICATE_METHOD_MATCH = YES;
				COPY_PHASE_STRIP = NO;
				DEBUG_INFORMATION_FORMAT = "dwarf-with-dsym";
				ENABLE_NS_ASSERTIONS = NO;
				ENABLE_STRICT_OBJC_MSGSEND = YES;
				ENABLE_USER_SCRIPT_SANDBOXING = YES;
				GCC_C_LANGUAGE_STANDARD = gnu17;
				GCC_NO_COMMON_BLOCKS = YES;
				GCC_WARN_64_TO_32_BIT_CONVERSION = YES;
				GCC_WARN_ABOUT_RETURN_TYPE = YES_ERROR;
				GCC_WARN_UNDECLARED_SELECTOR = YES;
				GCC_WARN_UNINITIALIZED_AUTOS = YES_AGGRESSIVE;
				GCC_WARN_UNUSED_FUNCTION = YES;
				GCC_WARN_UNUSED_VARIABLE = YES;
				LOCALIZATION_PREFERS_STRING_CATALOGS = YES;
				MACOSX_DEPLOYMENT_TARGET = 14.0;
				MTL_ENABLE_DEBUG_INFO = NO;
				MTL_FAST_MATH = YES;
				SDKROOT = macosx;
				SWIFT_COMPILATION_MODE = wholemodule;
			};
			name = Release;
		};
		4AE388FC2ACE8E4700F502EE /* Debug */ = {
			isa = XCBuildConfiguration;
			buildSettings = {
				ASSETCATALOG_COMPILER_APPICON_NAME = AppIcon;
				ASSETCATALOG_COMPILER_GLOBAL_ACCENT_COLOR_NAME = AccentColor;
				CODE_SIGN_ENTITLEMENTS = "book-reader/book_reader.entitlements";
				CODE_SIGN_STYLE = Automatic;
				COMBINE_HIDPI_IMAGES = YES;
				CURRENT_PROJECT_VERSION = 1;
				DEVELOPMENT_ASSET_PATHS = "\"book-reader/Preview Content\"";
				DEVELOPMENT_TEAM = J287EZX7X6;
				ENABLE_HARDENED_RUNTIME = YES;
				ENABLE_PREVIEWS = YES;
				GENERATE_INFOPLIST_FILE = YES;
				INFOPLIST_KEY_NSHumanReadableCopyright = "";
				LD_RUNPATH_SEARCH_PATHS = (
					"$(inherited)",
					"@executable_path/../Frameworks",
				);
				MARKETING_VERSION = 1.0;
				PRODUCT_BUNDLE_IDENTIFIER = "ca.denhoff.book-reader";
				PRODUCT_NAME = "$(TARGET_NAME)";
				SWIFT_EMIT_LOC_STRINGS = YES;
				SWIFT_VERSION = 5.0;
			};
			name = Debug;
		};
		4AE388FD2ACE8E4700F502EE /* Release */ = {
			isa = XCBuildConfiguration;
			buildSettings = {
				ASSETCATALOG_COMPILER_APPICON_NAME = AppIcon;
				ASSETCATALOG_COMPILER_GLOBAL_ACCENT_COLOR_NAME = AccentColor;
				CODE_SIGN_ENTITLEMENTS = "book-reader/book_reader.entitlements";
				CODE_SIGN_STYLE = Automatic;
				COMBINE_HIDPI_IMAGES = YES;
				CURRENT_PROJECT_VERSION = 1;
				DEVELOPMENT_ASSET_PATHS = "\"book-reader/Preview Content\"";
				DEVELOPMENT_TEAM = J287EZX7X6;
				ENABLE_HARDENED_RUNTIME = YES;
				ENABLE_PREVIEWS = YES;
				GENERATE_INFOPLIST_FILE = YES;
				INFOPLIST_KEY_NSHumanReadableCopyright = "";
				LD_RUNPATH_SEARCH_PATHS = (
					"$(inherited)",
					"@executable_path/../Frameworks",
				);
				MARKETING_VERSION = 1.0;
				PRODUCT_BUNDLE_IDENTIFIER = "ca.denhoff.book-reader";
				PRODUCT_NAME = "$(TARGET_NAME)";
				SWIFT_EMIT_LOC_STRINGS = YES;
				SWIFT_VERSION = 5.0;
			};
			name = Release;
		};
		4AE388FF2ACE8E4700F502EE /* Debug */ = {
			isa = XCBuildConfiguration;
			buildSettings = {
				ALWAYS_EMBED_SWIFT_STANDARD_LIBRARIES = YES;
				BUNDLE_LOADER = "$(TEST_HOST)";
				CODE_SIGN_STYLE = Automatic;
				CURRENT_PROJECT_VERSION = 1;
				DEVELOPMENT_TEAM = J287EZX7X6;
				GENERATE_INFOPLIST_FILE = YES;
				MACOSX_DEPLOYMENT_TARGET = 14.0;
				MARKETING_VERSION = 1.0;
				PRODUCT_BUNDLE_IDENTIFIER = "ca.denhoff.book-readerTests";
				PRODUCT_NAME = "$(TARGET_NAME)";
				SWIFT_EMIT_LOC_STRINGS = NO;
				SWIFT_VERSION = 5.0;
				TEST_HOST = "$(BUILT_PRODUCTS_DIR)/book-reader.app/$(BUNDLE_EXECUTABLE_FOLDER_PATH)/book-reader";
			};
			name = Debug;
		};
		4AE389002ACE8E4700F502EE /* Release */ = {
			isa = XCBuildConfiguration;
			buildSettings = {
				ALWAYS_EMBED_SWIFT_STANDARD_LIBRARIES = YES;
				BUNDLE_LOADER = "$(TEST_HOST)";
				CODE_SIGN_STYLE = Automatic;
				CURRENT_PROJECT_VERSION = 1;
				DEVELOPMENT_TEAM = J287EZX7X6;
				GENERATE_INFOPLIST_FILE = YES;
				MACOSX_DEPLOYMENT_TARGET = 14.0;
				MARKETING_VERSION = 1.0;
				PRODUCT_BUNDLE_IDENTIFIER = "ca.denhoff.book-readerTests";
				PRODUCT_NAME = "$(TARGET_NAME)";
				SWIFT_EMIT_LOC_STRINGS = NO;
				SWIFT_VERSION = 5.0;
				TEST_HOST = "$(BUILT_PRODUCTS_DIR)/book-reader.app/$(BUNDLE_EXECUTABLE_FOLDER_PATH)/book-reader";
			};
			name = Release;
		};
		4AE389022ACE8E4700F502EE /* Debug */ = {
			isa = XCBuildConfiguration;
			buildSettings = {
				ALWAYS_EMBED_SWIFT_STANDARD_LIBRARIES = YES;
				CODE_SIGN_STYLE = Automatic;
				CURRENT_PROJECT_VERSION = 1;
				DEVELOPMENT_TEAM = J287EZX7X6;
				GENERATE_INFOPLIST_FILE = YES;
				MARKETING_VERSION = 1.0;
				PRODUCT_BUNDLE_IDENTIFIER = "ca.denhoff.book-readerUITests";
				PRODUCT_NAME = "$(TARGET_NAME)";
				SWIFT_EMIT_LOC_STRINGS = NO;
				SWIFT_VERSION = 5.0;
				TEST_TARGET_NAME = "book-reader";
			};
			name = Debug;
		};
		4AE389032ACE8E4700F502EE /* Release */ = {
			isa = XCBuildConfiguration;
			buildSettings = {
				ALWAYS_EMBED_SWIFT_STANDARD_LIBRARIES = YES;
				CODE_SIGN_STYLE = Automatic;
				CURRENT_PROJECT_VERSION = 1;
				DEVELOPMENT_TEAM = J287EZX7X6;
				GENERATE_INFOPLIST_FILE = YES;
				MARKETING_VERSION = 1.0;
				PRODUCT_BUNDLE_IDENTIFIER = "ca.denhoff.book-readerUITests";
				PRODUCT_NAME = "$(TARGET_NAME)";
				SWIFT_EMIT_LOC_STRINGS = NO;
				SWIFT_VERSION = 5.0;
				TEST_TARGET_NAME = "book-reader";
			};
			name = Release;
		};
/* End XCBuildConfiguration section */

/* Begin XCConfigurationList section */
		4AE388D12ACE8E4500F502EE /* Build configuration list for PBXProject "book-reader" */ = {
			isa = XCConfigurationList;
			buildConfigurations = (
				4AE388F92ACE8E4700F502EE /* Debug */,
				4AE388FA2ACE8E4700F502EE /* Release */,
			);
			defaultConfigurationIsVisible = 0;
			defaultConfigurationName = Release;
		};
		4AE388FB2ACE8E4700F502EE /* Build configuration list for PBXNativeTarget "book-reader" */ = {
			isa = XCConfigurationList;
			buildConfigurations = (
				4AE388FC2ACE8E4700F502EE /* Debug */,
				4AE388FD2ACE8E4700F502EE /* Release */,
			);
			defaultConfigurationIsVisible = 0;
			defaultConfigurationName = Release;
		};
		4AE388FE2ACE8E4700F502EE /* Build configuration list for PBXNativeTarget "book-readerTests" */ = {
			isa = XCConfigurationList;
			buildConfigurations = (
				4AE388FF2ACE8E4700F502EE /* Debug */,
				4AE389002ACE8E4700F502EE /* Release */,
			);
			defaultConfigurationIsVisible = 0;
			defaultConfigurationName = Release;
		};
		4AE389012ACE8E4700F502EE /* Build configuration list for PBXNativeTarget "book-readerUITests" */ = {
			isa = XCConfigurationList;
			buildConfigurations = (
				4AE389022ACE8E4700F502EE /* Debug */,
				4AE389032ACE8E4700F502EE /* Release */,
			);
			defaultConfigurationIsVisible = 0;
			defaultConfigurationName = Release;
		};
/* End XCConfigurationList section */
	};
	rootObject = 4AE388CE2ACE8E4500F502EE /* Project object */;
}
